
Microsoft Visual Studio Solution File, Format Version 12.00
# Visual Studio Version 17
VisualStudioVersion = 17.5.33414.496
MinimumVisualStudioVersion = 10.0.40219.1
Project("{9A19103F-16F7-4668-BE54-9A1E7A4F7556}") = "Application", "Application\Application.csproj", "{7DF96CDB-6993-462D-AE45-36C74AE1DEEC}"
EndProject
Project("{9A19103F-16F7-4668-BE54-9A1E7A4F7556}") = "Carting.Service", "Carting.Service\Carting.Service.csproj", "{A6BBBEB7-503B-4D0D-8B68-2E920F6F2018}"
EndProject
Project("{9A19103F-16F7-4668-BE54-9A1E7A4F7556}") = "Catalog.Service.Clean.Architecture", "Catalog.Service.Clean.Architecture\Catalog.Service.Clean.Architecture.csproj", "{B48FB7B4-95FA-4535-8273-04B69DC98B22}"
EndProject
Project("{9A19103F-16F7-4668-BE54-9A1E7A4F7556}") = "Domain", "Domain\Domain.csproj", "{2A2E9D75-0E19-4E6B-948B-4E1F84E23BD3}"
EndProject
Project("{9A19103F-16F7-4668-BE54-9A1E7A4F7556}") = "Infrastructure", "Infrastructure\Infrastructure.csproj", "{8B667005-545D-4588-9A58-C9BDBB829EB6}"
EndProject
Project("{9A19103F-16F7-4668-BE54-9A1E7A4F7556}") = "Common", "..\Common\Common.csproj", "{4C4D3763-2F32-413F-8F34-E4DB6684D21A}"
EndProject
Project("{9A19103F-16F7-4668-BE54-9A1E7A4F7556}") = "IdentityServer", "IdentityServer\IdentityServer.csproj", "{52DE1582-7D99-450A-A9DF-ACED93BB63E4}"
EndProject
Project("{9A19103F-16F7-4668-BE54-9A1E7A4F7556}") = "IdentityClient", "IdentityClient\IdentityClient.csproj", "{DD58F08C-7868-4DDF-BA08-FBFC1D14180C}"
EndProject
Project("{2150E333-8FDC-42A3-9474-1A3956D46DE8}") = "Solution Items", "Solution Items", "{9B34415A-3B24-44BB-B616-B4BFD2075055}"
	ProjectSection(SolutionItems) = preProject
		.editorconfig = .editorconfig
	EndProjectSection
EndProject
Global
	GlobalSection(SolutionConfigurationPlatforms) = preSolution
		Debug|Any CPU = Debug|Any CPU
		Release|Any CPU = Release|Any CPU
	EndGlobalSection
	GlobalSection(ProjectConfigurationPlatforms) = postSolution
		{7DF96CDB-6993-462D-AE45-36C74AE1DEEC}.Debug|Any CPU.ActiveCfg = Debug|Any CPU
		{7DF96CDB-6993-462D-AE45-36C74AE1DEEC}.Debug|Any CPU.Build.0 = Debug|Any CPU
		{7DF96CDB-6993-462D-AE45-36C74AE1DEEC}.Release|Any CPU.ActiveCfg = Release|Any CPU
		{7DF96CDB-6993-462D-AE45-36C74AE1DEEC}.Release|Any CPU.Build.0 = Release|Any CPU
		{A6BBBEB7-503B-4D0D-8B68-2E920F6F2018}.Debug|Any CPU.ActiveCfg = Debug|Any CPU
		{A6BBBEB7-503B-4D0D-8B68-2E920F6F2018}.Debug|Any CPU.Build.0 = Debug|Any CPU
		{A6BBBEB7-503B-4D0D-8B68-2E920F6F2018}.Release|Any CPU.ActiveCfg = Release|Any CPU
		{A6BBBEB7-503B-4D0D-8B68-2E920F6F2018}.Release|Any CPU.Build.0 = Release|Any CPU
		{B48FB7B4-95FA-4535-8273-04B69DC98B22}.Debug|Any CPU.ActiveCfg = Debug|Any CPU
		{B48FB7B4-95FA-4535-8273-04B69DC98B22}.Debug|Any CPU.Build.0 = Debug|Any CPU
		{B48FB7B4-95FA-4535-8273-04B69DC98B22}.Release|Any CPU.ActiveCfg = Release|Any CPU
		{B48FB7B4-95FA-4535-8273-04B69DC98B22}.Release|Any CPU.Build.0 = Release|Any CPU
		{2A2E9D75-0E19-4E6B-948B-4E1F84E23BD3}.Debug|Any CPU.ActiveCfg = Debug|Any CPU
		{2A2E9D75-0E19-4E6B-948B-4E1F84E23BD3}.Debug|Any CPU.Build.0 = Debug|Any CPU
		{2A2E9D75-0E19-4E6B-948B-4E1F84E23BD3}.Release|Any CPU.ActiveCfg = Release|Any CPU
		{2A2E9D75-0E19-4E6B-948B-4E1F84E23BD3}.Release|Any CPU.Build.0 = Release|Any CPU
		{8B667005-545D-4588-9A58-C9BDBB829EB6}.Debug|Any CPU.ActiveCfg = Debug|Any CPU
		{8B667005-545D-4588-9A58-C9BDBB829EB6}.Debug|Any CPU.Build.0 = Debug|Any CPU
		{8B667005-545D-4588-9A58-C9BDBB829EB6}.Release|Any CPU.ActiveCfg = Release|Any CPU
		{8B667005-545D-4588-9A58-C9BDBB829EB6}.Release|Any CPU.Build.0 = Release|Any CPU
		{4C4D3763-2F32-413F-8F34-E4DB6684D21A}.Debug|Any CPU.ActiveCfg = Debug|Any CPU
		{4C4D3763-2F32-413F-8F34-E4DB6684D21A}.Debug|Any CPU.Build.0 = Debug|Any CPU
		{4C4D3763-2F32-413F-8F34-E4DB6684D21A}.Release|Any CPU.ActiveCfg = Release|Any CPU
		{4C4D3763-2F32-413F-8F34-E4DB6684D21A}.Release|Any CPU.Build.0 = Release|Any CPU
		{52DE1582-7D99-450A-A9DF-ACED93BB63E4}.Debug|Any CPU.ActiveCfg = Debug|Any CPU
		{52DE1582-7D99-450A-A9DF-ACED93BB63E4}.Debug|Any CPU.Build.0 = Debug|Any CPU
		{52DE1582-7D99-450A-A9DF-ACED93BB63E4}.Release|Any CPU.ActiveCfg = Release|Any CPU
		{52DE1582-7D99-450A-A9DF-ACED93BB63E4}.Release|Any CPU.Build.0 = Release|Any CPU
		{DD58F08C-7868-4DDF-BA08-FBFC1D14180C}.Debug|Any CPU.ActiveCfg = Debug|Any CPU
		{DD58F08C-7868-4DDF-BA08-FBFC1D14180C}.Debug|Any CPU.Build.0 = Debug|Any CPU
		{DD58F08C-7868-4DDF-BA08-FBFC1D14180C}.Release|Any CPU.ActiveCfg = Release|Any CPU
		{DD58F08C-7868-4DDF-BA08-FBFC1D14180C}.Release|Any CPU.Build.0 = Release|Any CPU
	EndGlobalSection
	GlobalSection(SolutionProperties) = preSolution
		HideSolutionNode = FALSE
	EndGlobalSection
	GlobalSection(ExtensibilityGlobals) = postSolution
		SolutionGuid = {99C52255-91CD-40DC-BEFD-94FD37E6E916}
	EndGlobalSection
EndGlobal
