
Microsoft Visual Studio Solution File, Format Version 12.00
# Visual Studio Version 17
VisualStudioVersion = 17.9.34622.214
MinimumVisualStudioVersion = 10.0.40219.1
Project("{FAE04EC0-301F-11D3-BF4B-00C04F79EFBC}") = "Application", "src\Application\Application.csproj", "{D92542EA-4368-425B-B4F7-9034ED88BC2B}"
EndProject
Project("{FAE04EC0-301F-11D3-BF4B-00C04F79EFBC}") = "Domain", "src\Domain\Domain.csproj", "{3C7AAF0C-F8F7-4F50-99E6-135E5125FEAF}"
EndProject
Project("{FAE04EC0-301F-11D3-BF4B-00C04F79EFBC}") = "Infrastructure", "src\Infrastructure\Infrastructure.csproj", "{B4324979-069B-41F8-886D-4A0D77ED6B6E}"
EndProject
Project("{FAE04EC0-301F-11D3-BF4B-00C04F79EFBC}") = "WebUI", "src\WebUI\WebUI.csproj", "{DB48FDB2-A206-4DE5-8194-84A77DADC40D}"
EndProject
Project("{FAE04EC0-301F-11D3-BF4B-00C04F79EFBC}") = "Application.IntegrationTests", "tests\Application.IntegrationTests\Application.IntegrationTests.csproj", "{D909A63A-8609-48F8-8149-1E3D087140CB}"
EndProject
Project("{FAE04EC0-301F-11D3-BF4B-00C04F79EFBC}") = "Application.UnitTests", "tests\Application.UnitTests\Application.UnitTests.csproj", "{05BC490C-7479-494D-B5AC-0F28116085A2}"
EndProject
Project("{FAE04EC0-301F-11D3-BF4B-00C04F79EFBC}") = "Domain.UnitTests", "tests\Domain.UnitTests\Domain.UnitTests.csproj", "{8F14517C-E429-4ADE-A535-FB135AB0E222}"
EndProject
Project("{FAE04EC0-301F-11D3-BF4B-00C04F79EFBC}") = "WebUI.AcceptanceTests", "tests\WebUI.AcceptanceTests\WebUI.AcceptanceTests.csproj", "{4B526A55-1632-4E20-B372-EBC6A723532B}"
EndProject
Global
	GlobalSection(SolutionConfigurationPlatforms) = preSolution
		Debug|Any CPU = Debug|Any CPU
		Release|Any CPU = Release|Any CPU
	EndGlobalSection
	GlobalSection(ProjectConfigurationPlatforms) = postSolution
		{D92542EA-4368-425B-B4F7-9034ED88BC2B}.Debug|Any CPU.ActiveCfg = Debug|Any CPU
		{D92542EA-4368-425B-B4F7-9034ED88BC2B}.Debug|Any CPU.Build.0 = Debug|Any CPU
		{D92542EA-4368-425B-B4F7-9034ED88BC2B}.Release|Any CPU.ActiveCfg = Release|Any CPU
		{D92542EA-4368-425B-B4F7-9034ED88BC2B}.Release|Any CPU.Build.0 = Release|Any CPU
		{3C7AAF0C-F8F7-4F50-99E6-135E5125FEAF}.Debug|Any CPU.ActiveCfg = Debug|Any CPU
		{3C7AAF0C-F8F7-4F50-99E6-135E5125FEAF}.Debug|Any CPU.Build.0 = Debug|Any CPU
		{3C7AAF0C-F8F7-4F50-99E6-135E5125FEAF}.Release|Any CPU.ActiveCfg = Release|Any CPU
		{3C7AAF0C-F8F7-4F50-99E6-135E5125FEAF}.Release|Any CPU.Build.0 = Release|Any CPU
		{B4324979-069B-41F8-886D-4A0D77ED6B6E}.Debug|Any CPU.ActiveCfg = Debug|Any CPU
		{B4324979-069B-41F8-886D-4A0D77ED6B6E}.Debug|Any CPU.Build.0 = Debug|Any CPU
		{B4324979-069B-41F8-886D-4A0D77ED6B6E}.Release|Any CPU.ActiveCfg = Release|Any CPU
		{B4324979-069B-41F8-886D-4A0D77ED6B6E}.Release|Any CPU.Build.0 = Release|Any CPU
		{DB48FDB2-A206-4DE5-8194-84A77DADC40D}.Debug|Any CPU.ActiveCfg = Debug|Any CPU
		{DB48FDB2-A206-4DE5-8194-84A77DADC40D}.Debug|Any CPU.Build.0 = Debug|Any CPU
		{DB48FDB2-A206-4DE5-8194-84A77DADC40D}.Release|Any CPU.ActiveCfg = Release|Any CPU
		{DB48FDB2-A206-4DE5-8194-84A77DADC40D}.Release|Any CPU.Build.0 = Release|Any CPU
		{D909A63A-8609-48F8-8149-1E3D087140CB}.Debug|Any CPU.ActiveCfg = Debug|Any CPU
		{D909A63A-8609-48F8-8149-1E3D087140CB}.Debug|Any CPU.Build.0 = Debug|Any CPU
		{D909A63A-8609-48F8-8149-1E3D087140CB}.Release|Any CPU.ActiveCfg = Release|Any CPU
		{D909A63A-8609-48F8-8149-1E3D087140CB}.Release|Any CPU.Build.0 = Release|Any CPU
		{05BC490C-7479-494D-B5AC-0F28116085A2}.Debug|Any CPU.ActiveCfg = Debug|Any CPU
		{05BC490C-7479-494D-B5AC-0F28116085A2}.Debug|Any CPU.Build.0 = Debug|Any CPU
		{05BC490C-7479-494D-B5AC-0F28116085A2}.Release|Any CPU.ActiveCfg = Release|Any CPU
		{05BC490C-7479-494D-B5AC-0F28116085A2}.Release|Any CPU.Build.0 = Release|Any CPU
		{8F14517C-E429-4ADE-A535-FB135AB0E222}.Debug|Any CPU.ActiveCfg = Debug|Any CPU
		{8F14517C-E429-4ADE-A535-FB135AB0E222}.Debug|Any CPU.Build.0 = Debug|Any CPU
		{8F14517C-E429-4ADE-A535-FB135AB0E222}.Release|Any CPU.ActiveCfg = Release|Any CPU
		{8F14517C-E429-4ADE-A535-FB135AB0E222}.Release|Any CPU.Build.0 = Release|Any CPU
		{4B526A55-1632-4E20-B372-EBC6A723532B}.Debug|Any CPU.ActiveCfg = Debug|Any CPU
		{4B526A55-1632-4E20-B372-EBC6A723532B}.Debug|Any CPU.Build.0 = Debug|Any CPU
		{4B526A55-1632-4E20-B372-EBC6A723532B}.Release|Any CPU.ActiveCfg = Release|Any CPU
		{4B526A55-1632-4E20-B372-EBC6A723532B}.Release|Any CPU.Build.0 = Release|Any CPU
	EndGlobalSection
	GlobalSection(SolutionProperties) = preSolution
		HideSolutionNode = FALSE
	EndGlobalSection
	GlobalSection(ExtensibilityGlobals) = postSolution
		SolutionGuid = {89447E0C-5773-4954-941B-BCE8F86ADF8A}
	EndGlobalSection
EndGlobal
